
Microsoft Visual Studio Solution File, Format Version 12.00
# Visual Studio 14
VisualStudioVersion = 14.0.24720.0
MinimumVisualStudioVersion = 10.0.40219.1
Project("{2150E333-8FDC-42A3-9474-1A3956D46DE8}") = "Solution Items", "Solution Items", "{CFB636EF-F912-4F5F-AF91-012B1A6B3E44}"
	ProjectSection(SolutionItems) = preProject
		.gitignore = .gitignore
		Source\QR-Reader\global.json = Source\QR-Reader\global.json
		LICENSE = LICENSE
		README.md = README.md
		tslint.json = tslint.json
	EndProjectSection
EndProject
Project("{9092AA53-FB77-4645-B42D-1CCCA6BD08BD}") = "QR-Redirect", "Source\QR-Reader\QR-Redirect.njsproj", "{369858F1-4829-4A8F-A631-0623A2877C15}"
EndProject
Global
	GlobalSection(SolutionConfigurationPlatforms) = preSolution
		Debug|Web = Debug|Web
		Release|Web = Release|Web
	EndGlobalSection
	GlobalSection(ProjectConfigurationPlatforms) = postSolution
		{369858F1-4829-4A8F-A631-0623A2877C15}.Debug|Web.ActiveCfg = Debug|Any CPU
		{369858F1-4829-4A8F-A631-0623A2877C15}.Release|Web.ActiveCfg = Release|Any CPU
	EndGlobalSection
	GlobalSection(SolutionProperties) = preSolution
		HideSolutionNode = FALSE
	EndGlobalSection
EndGlobal
